PODS:
  - Alamofire (4.9.0)
  - StravaSwift (1.0.1):
    - Alamofire (~> 4)
    - SwiftyJSON (~> 5)
  - SwiftyJSON (5.0.0)

DEPENDENCIES:
  - StravaSwift (from `../`)

SPEC REPOS:
  trunk:
    - Alamofire
    - SwiftyJSON

EXTERNAL SOURCES:
  StravaSwift:
    :path: "../"

SPEC CHECKSUMS:
  Alamofire: afc3e7c6db61476cb45cdd23fed06bad03bbc321
  StravaSwift: 2b5a659e47dee72484b4b9da26f8d63480ee759f
  SwiftyJSON: 36413e04c44ee145039d332b4f4e2d3e8d6c4db7

PODFILE CHECKSUM: b47f777fa4753f7e88262a86755eae11981a2054

COCOAPODS: 1.11.2
